
Microsoft Visual Studio Solution File, Format Version 12.00
# Visual Studio 2012
Project("{FAE04EC0-301F-11D3-BF4B-00C04F79EFBC}") = "BusMe.Website", "BusMe.Website\BusMe.Website.csproj", "{DD4D6096-9564-422D-80DD-C9346E027C2F}"
EndProject
Global
	GlobalSection(SolutionConfigurationPlatforms) = preSolution
		Debug|Any CPU = Debug|Any CPU
		Release|Any CPU = Release|Any CPU
	EndGlobalSection
	GlobalSection(ProjectConfigurationPlatforms) = postSolution
		{DD4D6096-9564-422D-80DD-C9346E027C2F}.Debug|Any CPU.ActiveCfg = Debug|Any CPU
		{DD4D6096-9564-422D-80DD-C9346E027C2F}.Debug|Any CPU.Build.0 = Debug|Any CPU
		{DD4D6096-9564-422D-80DD-C9346E027C2F}.Release|Any CPU.ActiveCfg = Release|Any CPU
		{DD4D6096-9564-422D-80DD-C9346E027C2F}.Release|Any CPU.Build.0 = Release|Any CPU
	EndGlobalSection
	GlobalSection(SolutionProperties) = preSolution
		HideSolutionNode = FALSE
	EndGlobalSection
EndGlobal
